
Microsoft Visual Studio Solution File, Format Version 12.00
# Visual Studio Version 17
VisualStudioVersion = 17.10.35122.118
MinimumVisualStudioVersion = 10.0.40219.1
Project("{FAE04EC0-301F-11D3-BF4B-00C04F79EFBC}") = "Sistemadegestiondeinventario", "Sistemadegestiondeinventario\Sistemadegestiondeinventario.csproj", "{5125EDB9-3564-468E-8B75-1675E3B6030E}"
EndProject
Project("{2150E333-8FDC-42A3-9474-1A3956D46DE8}") = "Elementos de la solución", "Elementos de la solución", "{2798A4DD-4750-4B97-9B10-22A7D3FE172F}"
	ProjectSection(SolutionItems) = preProject
		DatabaseConnection.cs = DatabaseConnection.cs
	EndProjectSection
EndProject
Global
	GlobalSection(SolutionConfigurationPlatforms) = preSolution
		Debug|Any CPU = Debug|Any CPU
		Release|Any CPU = Release|Any CPU
	EndGlobalSection
	GlobalSection(ProjectConfigurationPlatforms) = postSolution
		{5125EDB9-3564-468E-8B75-1675E3B6030E}.Debug|Any CPU.ActiveCfg = Debug|Any CPU
		{5125EDB9-3564-468E-8B75-1675E3B6030E}.Debug|Any CPU.Build.0 = Debug|Any CPU
		{5125EDB9-3564-468E-8B75-1675E3B6030E}.Release|Any CPU.ActiveCfg = Release|Any CPU
		{5125EDB9-3564-468E-8B75-1675E3B6030E}.Release|Any CPU.Build.0 = Release|Any CPU
	EndGlobalSection
	GlobalSection(SolutionProperties) = preSolution
		HideSolutionNode = FALSE
	EndGlobalSection
	GlobalSection(ExtensibilityGlobals) = postSolution
		SolutionGuid = {E64260F8-E543-42AF-BD91-93646FF18977}
	EndGlobalSection
EndGlobal
